PROJECT_TEMPLATE_DEPENDENCIES_V1
# name|kind|platform|version|license|url|sha256|installed-entry
premake|tool|windows-x64|5.0.0-beta8|BSD-3-Clause|https://github.com/premake/premake-core/releases/download/v5.0.0-beta8/premake-5.0.0-beta8-windows.zip|e64ce2ed8778e0098f63674cca61fe33941b5f0c8d9a4afd651152bdea3758ab|premake5.exe
premake|tool|linux-x64|5.0.0-beta8|BSD-3-Clause|https://github.com/premake/premake-core/releases/download/v5.0.0-beta8/premake-5.0.0-beta8-linux.tar.gz|63edd3e7461eebdd45b500a3c7e8ad4e7a67d68f230010f9a97cbb71b4ec59c8|premake5
